
Microsoft Visual Studio Solution File, Format Version 12.00
# Visual Studio Version 17
VisualStudioVersion = 17.10.35004.147
MinimumVisualStudioVersion = 10.0.40219.1
Project("{8BC9CEB8-8B4A-11D0-8D11-00A0C91BC942}") = "vsmpmem", "vsmpmem.vcxproj", "{DC99DDA9-9ECA-4A9E-B338-79878BA82A90}"
EndProject
Global
	GlobalSection(SolutionConfigurationPlatforms) = preSolution
		Debug|x64 = Debug|x64
		Debug|x86 = Debug|x86
		Release|x64 = Release|x64
		Release|x86 = Release|x86
	EndGlobalSection
	GlobalSection(ProjectConfigurationPlatforms) = postSolution
		{DC99DDA9-9ECA-4A9E-B338-79878BA82A90}.Debug|x64.ActiveCfg = Debug|x64
		{DC99DDA9-9ECA-4A9E-B338-79878BA82A90}.Debug|x64.Build.0 = Debug|x64
		{DC99DDA9-9ECA-4A9E-B338-79878BA82A90}.Debug|x86.ActiveCfg = Debug|Win32
		{DC99DDA9-9ECA-4A9E-B338-79878BA82A90}.Debug|x86.Build.0 = Debug|Win32
		{DC99DDA9-9ECA-4A9E-B338-79878BA82A90}.Release|x64.ActiveCfg = Release|x64
		{DC99DDA9-9ECA-4A9E-B338-79878BA82A90}.Release|x64.Build.0 = Release|x64
		{DC99DDA9-9ECA-4A9E-B338-79878BA82A90}.Release|x86.ActiveCfg = Release|Win32
		{DC99DDA9-9ECA-4A9E-B338-79878BA82A90}.Release|x86.Build.0 = Release|Win32
	EndGlobalSection
	GlobalSection(SolutionProperties) = preSolution
		HideSolutionNode = FALSE
	EndGlobalSection
	GlobalSection(ExtensibilityGlobals) = postSolution
		SolutionGuid = {0826A74B-4D33-49BF-87FE-B032083C9E7E}
	EndGlobalSection
EndGlobal
